{
  "requires": true,
  "lockfileVersion": 1,
  "dependencies": {
    "@popperjs/core": {
      "version": "2.4.1",
      "resolved": "https://registry.npmjs.org/@popperjs/core/-/core-2.4.1.tgz",
      "integrity": "sha512-hdRh4Xul0S4VVJz8/T2EXuaVGnRp+bC/AksVp2DGtmvE4X4OKYsiZC4H2PlZmVhJZT58KFb5+xIog8BE3hpiSA=="
    }
  }
}
